{
  "name": "SHACLViewer",
  "lockfileVersion": 2,
  "requires": true,
  "packages": {
    "": {
      "dependencies": {
        "@fortawesome/fontawesome-free": "6.6.0",
        "3d-force-graph": "1.73.6",
        "bootstrap": "5.3.3",
        "bootstrap-icons": "1.11.3",
        "datatables.net": "2.1.8",
        "datatables.net-dt": "2.1.8",
        "force-graph": "1.46.0",
        "jquery": "3.7.1",
        "simple-treeview": "0.0.9",
        "three": "0.170.0",
        "three-spritetext": "1.9.0"
      }
    },
    "node_modules/@babel/runtime": {
      "version": "7.23.6",
      "resolved": "https://registry.npmjs.org/@babel/runtime/-/runtime-7.23.6.tgz",
      "integrity": "sha512-zHd0eUrf5GZoOWVCXp6koAKQTfZV07eit6bGPmJgnZdnSAvvZee6zniW2XMF7Cmc4ISOOnPy3QaSiIJGJkVEDQ==",
      "dependencies": {
        "regenerator-runtime": "^0.14.0"
      },
      "engines": {
        "node": ">=6.9.0"
      }
    },
    "node_modules/@fortawesome/fontawesome-free": {
      "version": "6.6.0",
      "resolved": "https://registry.npmjs.org/@fortawesome/fontawesome-free/-/fontawesome-free-6.6.0.tgz",
      "integrity": "sha512-60G28ke/sXdtS9KZCpZSHHkCbdsOGEhIUGlwq6yhY74UpTiToIh8np7A8yphhM4BWsvNFtIvLpi4co+h9Mr9Ow==",
      "engines": {
        "node": ">=6"
      }
    },
    "node_modules/@popperjs/core": {
      "version": "2.11.8",
      "resolved": "https://registry.npmjs.org/@popperjs/core/-/core-2.11.8.tgz",
      "integrity": "sha512-P1st0aksCrn9sGZhp8GMYwBnQsbvAWsZAX44oXNNvLHGqAOcoVxmjZiohstwQ7SqKnbR47akdNi+uleWD8+g6A==",
      "peer": true,
      "funding": {
        "type": "opencollective",
        "url": "https://opencollective.com/popperjs"
      }
    },
    "node_modules/@tweenjs/tween.js": {
      "version": "21.0.0",
      "resolved": "https://registry.npmjs.org/@tweenjs/tween.js/-/tween.js-21.0.0.tgz",
      "integrity": "sha512-qVfOiFh0U8ZSkLgA6tf7kj2MciqRbSCWaJZRwftVO7UbtVDNsZAXpWXqvCDtIefvjC83UJB+vHTDOGm5ibXjEA=="
    },
    "node_modules/3d-force-graph": {
      "version": "1.73.6",
      "resolved": "https://registry.npmjs.org/3d-force-graph/-/3d-force-graph-1.73.6.tgz",
      "integrity": "sha512-9p/HmnD8dvGano/ybFIeFRb+HOSzVUcvJVeEeGhsTAtnerc7xD6eK3XgRMRka+tHrjBL2F5EcS9d0NQ5OjxRBQ==",
      "dependencies": {
        "accessor-fn": "1",
        "kapsule": "1",
        "three": ">=0.118 <1",
        "three-forcegraph": "1",
        "three-render-objects": "^1.29"
      },
      "engines": {
        "node": ">=12"
      }
    },
    "node_modules/accessor-fn": {
      "version": "1.5.0",
      "resolved": "https://registry.npmjs.org/accessor-fn/-/accessor-fn-1.5.0.tgz",
      "integrity": "sha512-dml7D96DY/K5lt4Ra2jMnpL9Bhw5HEGws4p1OAIxFFj9Utd/RxNfEO3T3f0QIWFNwQU7gNxH9snUfqF/zNkP/w==",
      "engines": {
        "node": ">=12"
      }
    },
    "node_modules/bezier-js": {
      "version": "6.1.4",
      "resolved": "https://registry.npmjs.org/bezier-js/-/bezier-js-6.1.4.tgz",
      "integrity": "sha512-PA0FW9ZpcHbojUCMu28z9Vg/fNkwTj5YhusSAjHHDfHDGLxJ6YUKrAN2vk1fP2MMOxVw4Oko16FMlRGVBGqLKg==",
      "funding": {
        "type": "individual",
        "url": "https://github.com/Pomax/bezierjs/blob/master/FUNDING.md"
      }
    },
    "node_modules/bootstrap": {
      "version": "5.3.3",
      "resolved": "https://registry.npmjs.org/bootstrap/-/bootstrap-5.3.3.tgz",
      "integrity": "sha512-8HLCdWgyoMguSO9o+aH+iuZ+aht+mzW0u3HIMzVu7Srrpv7EBBxTnrFlSCskwdY1+EOFQSm7uMJhNQHkdPcmjg==",
      "funding": [
        {
          "type": "github",
          "url": "https://github.com/sponsors/twbs"
        },
        {
          "type": "opencollective",
          "url": "https://opencollective.com/bootstrap"
        }
      ],
      "peerDependencies": {
        "@popperjs/core": "^2.11.8"
      }
    },
    "node_modules/bootstrap-icons": {
      "version": "1.11.3",
      "resolved": "https://registry.npmjs.org/bootstrap-icons/-/bootstrap-icons-1.11.3.tgz",
      "integrity": "sha512-+3lpHrCw/it2/7lBL15VR0HEumaBss0+f/Lb6ZvHISn1mlK83jjFpooTLsMWbIjJMDjDjOExMsTxnXSIT4k4ww==",
      "funding": [
        {
          "type": "github",
          "url": "https://github.com/sponsors/twbs"
        },
        {
          "type": "opencollective",
          "url": "https://opencollective.com/bootstrap"
        }
      ]
    },
    "node_modules/canvas-color-tracker": {
      "version": "1.3.1",
      "resolved": "https://registry.npmjs.org/canvas-color-tracker/-/canvas-color-tracker-1.3.1.tgz",
      "integrity": "sha512-eNycxGS7oQ3IS/9QQY41f/aQjiO9Y/MtedhCgSdsbLSxC9EyUD8L3ehl/Q3Kfmvt8um79S45PBV+5Rxm5ztdSw==",
      "dependencies": {
        "tinycolor2": "^1.6.0"
      },
      "engines": {
        "node": ">=12"
      }
    },
    "node_modules/d3-array": {
      "version": "3.2.4",
      "resolved": "https://registry.npmjs.org/d3-array/-/d3-array-3.2.4.tgz",
      "integrity": "sha512-tdQAmyA18i4J7wprpYq8ClcxZy3SC31QMeByyCFyRt7BVHdREQZ5lpzoe5mFEYZUWe+oq8HBvk9JjpibyEV4Jg==",
      "dependencies": {
        "internmap": "1 - 2"
      },
      "engines": {
        "node": ">=12"
      }
    },
    "node_modules/d3-binarytree": {
      "version": "1.0.2",
      "resolved": "https://registry.npmjs.org/d3-binarytree/-/d3-binarytree-1.0.2.tgz",
      "integrity": "sha512-cElUNH+sHu95L04m92pG73t2MEJXKu+GeKUN1TJkFsu93E5W8E9Sc3kHEGJKgenGvj19m6upSn2EunvMgMD2Yw=="
    },
    "node_modules/d3-color": {
      "version": "3.1.0",
      "resolved": "https://registry.npmjs.org/d3-color/-/d3-color-3.1.0.tgz",
      "integrity": "sha512-zg/chbXyeBtMQ1LbD/WSoW2DpC3I0mpmPdW+ynRTj/x2DAWYrIY7qeZIHidozwV24m4iavr15lNwIwLxRmOxhA==",
      "engines": {
        "node": ">=12"
      }
    },
    "node_modules/d3-dispatch": {
      "version": "3.0.1",
      "resolved": "https://registry.npmjs.org/d3-dispatch/-/d3-dispatch-3.0.1.tgz",
      "integrity": "sha512-rzUyPU/S7rwUflMyLc1ETDeBj0NRuHKKAcvukozwhshr6g6c5d8zh4c2gQjY2bZ0dXeGLWc1PF174P2tVvKhfg==",
      "engines": {
        "node": ">=12"
      }
    },
    "node_modules/d3-drag": {
      "version": "3.0.0",
      "resolved": "https://registry.npmjs.org/d3-drag/-/d3-drag-3.0.0.tgz",
      "integrity": "sha512-pWbUJLdETVA8lQNJecMxoXfH6x+mO2UQo8rSmZ+QqxcbyA3hfeprFgIT//HW2nlHChWeIIMwS2Fq+gEARkhTkg==",
      "dependencies": {
        "d3-dispatch": "1 - 3",
        "d3-selection": "3"
      },
      "engines": {
        "node": ">=12"
      }
    },
    "node_modules/d3-ease": {
      "version": "3.0.1",
      "resolved": "https://registry.npmjs.org/d3-ease/-/d3-ease-3.0.1.tgz",
      "integrity": "sha512-wR/XK3D3XcLIZwpbvQwQ5fK+8Ykds1ip7A2Txe0yxncXSdq1L9skcG7blcedkOX+ZcgxGAmLX1FrRGbADwzi0w==",
      "engines": {
        "node": ">=12"
      }
    },
    "node_modules/d3-force-3d": {
      "version": "3.0.5",
      "resolved": "https://registry.npmjs.org/d3-force-3d/-/d3-force-3d-3.0.5.tgz",
      "integrity": "sha512-tdwhAhoTYZY/a6eo9nR7HP3xSW/C6XvJTbeRpR92nlPzH6OiE+4MliN9feuSFd0tPtEUo+191qOhCTWx3NYifg==",
      "dependencies": {
        "d3-binarytree": "1",
        "d3-dispatch": "1 - 3",
        "d3-octree": "1",
        "d3-quadtree": "1 - 3",
        "d3-timer": "1 - 3"
      },
      "engines": {
        "node": ">=12"
      }
    },
    "node_modules/d3-format": {
      "version": "3.1.0",
      "resolved": "https://registry.npmjs.org/d3-format/-/d3-format-3.1.0.tgz",
      "integrity": "sha512-YyUI6AEuY/Wpt8KWLgZHsIU86atmikuoOmCfommt0LYHiQSPjvX2AcFc38PX0CBpr2RCyZhjex+NS/LPOv6YqA==",
      "engines": {
        "node": ">=12"
      }
    },
    "node_modules/d3-interpolate": {
      "version": "3.0.1",
      "resolved": "https://registry.npmjs.org/d3-interpolate/-/d3-interpolate-3.0.1.tgz",
      "integrity": "sha512-3bYs1rOD33uo8aqJfKP3JWPAibgw8Zm2+L9vBKEHJ2Rg+viTR7o5Mmv5mZcieN+FRYaAOWX5SJATX6k1PWz72g==",
      "dependencies": {
        "d3-color": "1 - 3"
      },
      "engines": {
        "node": ">=12"
      }
    },
    "node_modules/d3-octree": {
      "version": "1.0.2",
      "resolved": "https://registry.npmjs.org/d3-octree/-/d3-octree-1.0.2.tgz",
      "integrity": "sha512-Qxg4oirJrNXauiuC94uKMbgxwnhdda9xRLl9ihq45srlJ4Ga3CSgqGcAL8iW7N5CIv4Oz8x3E734ulxyvHPvwA=="
    },
    "node_modules/d3-quadtree": {
      "version": "3.0.1",
      "resolved": "https://registry.npmjs.org/d3-quadtree/-/d3-quadtree-3.0.1.tgz",
      "integrity": "sha512-04xDrxQTDTCFwP5H6hRhsRcb9xxv2RzkcsygFzmkSIOJy3PeRJP7sNk3VRIbKXcog561P9oU0/rVH6vDROAgUw==",
      "engines": {
        "node": ">=12"
      }
    },
    "node_modules/d3-scale": {
      "version": "4.0.2",
      "resolved": "https://registry.npmjs.org/d3-scale/-/d3-scale-4.0.2.tgz",
      "integrity": "sha512-GZW464g1SH7ag3Y7hXjf8RoUuAFIqklOAq3MRl4OaWabTFJY9PN/E1YklhXLh+OQ3fM9yS2nOkCoS+WLZ6kvxQ==",
      "dependencies": {
        "d3-array": "2.10.0 - 3",
        "d3-format": "1 - 3",
        "d3-interpolate": "1.2.0 - 3",
        "d3-time": "2.1.1 - 3",
        "d3-time-format": "2 - 4"
      },
      "engines": {
        "node": ">=12"
      }
    },
    "node_modules/d3-scale-chromatic": {
      "version": "3.0.0",
      "resolved": "https://registry.npmjs.org/d3-scale-chromatic/-/d3-scale-chromatic-3.0.0.tgz",
      "integrity": "sha512-Lx9thtxAKrO2Pq6OO2Ua474opeziKr279P/TKZsMAhYyNDD3EnCffdbgeSYN5O7m2ByQsxtuP2CSDczNUIZ22g==",
      "dependencies": {
        "d3-color": "1 - 3",
        "d3-interpolate": "1 - 3"
      },
      "engines": {
        "node": ">=12"
      }
    },
    "node_modules/d3-selection": {
      "version": "3.0.0",
      "resolved": "https://registry.npmjs.org/d3-selection/-/d3-selection-3.0.0.tgz",
      "integrity": "sha512-fmTRWbNMmsmWq6xJV8D19U/gw/bwrHfNXxrIN+HfZgnzqTHp9jOmKMhsTUjXOJnZOdZY9Q28y4yebKzqDKlxlQ==",
      "engines": {
        "node": ">=12"
      }
    },
    "node_modules/d3-time": {
      "version": "3.1.0",
      "resolved": "https://registry.npmjs.org/d3-time/-/d3-time-3.1.0.tgz",
      "integrity": "sha512-VqKjzBLejbSMT4IgbmVgDjpkYrNWUYJnbCGo874u7MMKIWsILRX+OpX/gTk8MqjpT1A/c6HY2dCA77ZN0lkQ2Q==",
      "dependencies": {
        "d3-array": "2 - 3"
      },
      "engines": {
        "node": ">=12"
      }
    },
    "node_modules/d3-time-format": {
      "version": "4.1.0",
      "resolved": "https://registry.npmjs.org/d3-time-format/-/d3-time-format-4.1.0.tgz",
      "integrity": "sha512-dJxPBlzC7NugB2PDLwo9Q8JiTR3M3e4/XANkreKSUxF8vvXKqm1Yfq4Q5dl8budlunRVlUUaDUgFt7eA8D6NLg==",
      "dependencies": {
        "d3-time": "1 - 3"
      },
      "engines": {
        "node": ">=12"
      }
    },
    "node_modules/d3-timer": {
      "version": "3.0.1",
      "resolved": "https://registry.npmjs.org/d3-timer/-/d3-timer-3.0.1.tgz",
      "integrity": "sha512-ndfJ/JxxMd3nw31uyKoY2naivF+r29V+Lc0svZxe1JvvIRmi8hUsrMvdOwgS1o6uBHmiz91geQ0ylPP0aj1VUA==",
      "engines": {
        "node": ">=12"
      }
    },
    "node_modules/d3-transition": {
      "version": "3.0.1",
      "resolved": "https://registry.npmjs.org/d3-transition/-/d3-transition-3.0.1.tgz",
      "integrity": "sha512-ApKvfjsSR6tg06xrL434C0WydLr7JewBB3V+/39RMHsaXTOG0zmt/OAXeng5M5LBm0ojmxJrpomQVZ1aPvBL4w==",
      "dependencies": {
        "d3-color": "1 - 3",
        "d3-dispatch": "1 - 3",
        "d3-ease": "1 - 3",
        "d3-interpolate": "1 - 3",
        "d3-timer": "1 - 3"
      },
      "engines": {
        "node": ">=12"
      },
      "peerDependencies": {
        "d3-selection": "2 - 3"
      }
    },
    "node_modules/d3-zoom": {
      "version": "3.0.0",
      "resolved": "https://registry.npmjs.org/d3-zoom/-/d3-zoom-3.0.0.tgz",
      "integrity": "sha512-b8AmV3kfQaqWAuacbPuNbL6vahnOJflOhexLzMMNLga62+/nh0JzvJ0aO/5a5MVgUFGS7Hu1P9P03o3fJkDCyw==",
      "dependencies": {
        "d3-dispatch": "1 - 3",
        "d3-drag": "2 - 3",
        "d3-interpolate": "1 - 3",
        "d3-selection": "2 - 3",
        "d3-transition": "2 - 3"
      },
      "engines": {
        "node": ">=12"
      }
    },
    "node_modules/data-joint": {
      "version": "1.3.1",
      "resolved": "https://registry.npmjs.org/data-joint/-/data-joint-1.3.1.tgz",
      "integrity": "sha512-tMK0m4OVGqiA3zkn8JmO6YAqD8UwJqIAx4AAwFl1SKTtKAqcXePuT+n2aayiX9uITtlN3DFtKKTOxJRUc2+HvQ==",
      "dependencies": {
        "index-array-by": "^1.4.0"
      },
      "engines": {
        "node": ">=12"
      }
    },
    "node_modules/datatables.net": {
      "version": "2.1.8",
      "resolved": "https://registry.npmjs.org/datatables.net/-/datatables.net-2.1.8.tgz",
      "integrity": "sha512-47ULt+U4bcjbuGTpTlT6SnCuSFVRBxxdWa6X3NfvTObBJ2BZU0o+JUIl05wQ6cABNIavjbAV51gpgvFsMHL9zA==",
      "dependencies": {
        "jquery": ">=1.7"
      }
    },
    "node_modules/datatables.net-dt": {
      "version": "2.1.8",
      "resolved": "https://registry.npmjs.org/datatables.net-dt/-/datatables.net-dt-2.1.8.tgz",
      "integrity": "sha512-/ScKmyKIpKXzjOJrnJLOWMf2jOQfrYjayNMhUyeMzf3jKhNevHNvImU9MQ/Bab9yheKLjHLL24IgnshAvRFrng==",
      "dependencies": {
        "datatables.net": "2.1.8",
        "jquery": ">=1.7"
      }
    },
    "node_modules/force-graph": {
      "version": "1.46.0",
      "resolved": "https://registry.npmjs.org/force-graph/-/force-graph-1.46.0.tgz",
      "integrity": "sha512-RR4XIsMgKMquEmN6me2MoDeqMr85Cv1cpXDFha6gwEczaaC3RWDH4YmXQXnI8/egRiIKFMq4HKjBjWXZwyy/9Q==",
      "dependencies": {
        "@tweenjs/tween.js": "18 - 25",
        "accessor-fn": "1",
        "bezier-js": "3 - 6",
        "canvas-color-tracker": "^1.3",
        "d3-array": "1 - 3",
        "d3-drag": "2 - 3",
        "d3-force-3d": "2 - 3",
        "d3-scale": "1 - 4",
        "d3-scale-chromatic": "1 - 3",
        "d3-selection": "2 - 3",
        "d3-zoom": "2 - 3",
        "index-array-by": "1",
        "kapsule": "^1.14",
        "lodash-es": "4"
      },
      "engines": {
        "node": ">=12"
      }
    },
    "node_modules/index-array-by": {
      "version": "1.4.1",
      "resolved": "https://registry.npmjs.org/index-array-by/-/index-array-by-1.4.1.tgz",
      "integrity": "sha512-Zu6THdrxQdyTuT2uA5FjUoBEsFHPzHcPIj18FszN6yXKHxSfGcR4TPLabfuT//E25q1Igyx9xta2WMvD/x9P/g==",
      "engines": {
        "node": ">=12"
      }
    },
    "node_modules/internmap": {
      "version": "2.0.3",
      "resolved": "https://registry.npmjs.org/internmap/-/internmap-2.0.3.tgz",
      "integrity": "sha512-5Hh7Y1wQbvY5ooGgPbDaL5iYLAPzMTUrjMulskHLH6wnv/A+1q5rgEaiuqEjB+oxGXIVZs1FF+R/KPN3ZSQYYg==",
      "engines": {
        "node": ">=12"
      }
    },
    "node_modules/jquery": {
      "version": "3.7.1",
      "resolved": "https://registry.npmjs.org/jquery/-/jquery-3.7.1.tgz",
      "integrity": "sha512-m4avr8yL8kmFN8psrbFFFmB/If14iN5o9nw/NgnnM+kybDJpRsAynV2BsfpTYrTRysYUdADVD7CkUUizgkpLfg=="
    },
    "node_modules/kapsule": {
      "version": "1.14.5",
      "resolved": "https://registry.npmjs.org/kapsule/-/kapsule-1.14.5.tgz",
      "integrity": "sha512-H0iSpTynUzZw3tgraDmReprpFRmH5oP5GPmaNsurSwLx2H5iCpOMIkp5q+sfhB4Tz/UJd1E1IbEE9Z6ksnJ6RA==",
      "dependencies": {
        "lodash-es": "4"
      },
      "engines": {
        "node": ">=12"
      }
    },
    "node_modules/lodash-es": {
      "version": "4.17.21",
      "resolved": "https://registry.npmjs.org/lodash-es/-/lodash-es-4.17.21.tgz",
      "integrity": "sha512-mKnC+QJ9pWVzv+C4/U3rRsHapFfHvQFoFB92e52xeyGMcX6/OlIl78je1u8vePzYZSkkogMPJ2yjxxsb89cxyw=="
    },
    "node_modules/ngraph.events": {
      "version": "1.2.2",
      "resolved": "https://registry.npmjs.org/ngraph.events/-/ngraph.events-1.2.2.tgz",
      "integrity": "sha512-JsUbEOzANskax+WSYiAPETemLWYXmixuPAlmZmhIbIj6FH/WDgEGCGnRwUQBK0GjOnVm8Ui+e5IJ+5VZ4e32eQ=="
    },
    "node_modules/ngraph.forcelayout": {
      "version": "3.3.1",
      "resolved": "https://registry.npmjs.org/ngraph.forcelayout/-/ngraph.forcelayout-3.3.1.tgz",
      "integrity": "sha512-MKBuEh1wujyQHFTW57y5vd/uuEOK0XfXYxm3lC7kktjJLRdt/KEKEknyOlc6tjXflqBKEuYBBcu7Ax5VY+S6aw==",
      "dependencies": {
        "ngraph.events": "^1.0.0",
        "ngraph.merge": "^1.0.0",
        "ngraph.random": "^1.0.0"
      }
    },
    "node_modules/ngraph.graph": {
      "version": "20.0.1",
      "resolved": "https://registry.npmjs.org/ngraph.graph/-/ngraph.graph-20.0.1.tgz",
      "integrity": "sha512-VFsQ+EMkT+7lcJO1QP8Ik3w64WbHJl27Q53EO9hiFU9CRyxJ8HfcXtfWz/U8okuoYKDctbciL6pX3vG5dt1rYA==",
      "dependencies": {
        "ngraph.events": "^1.2.1"
      }
    },
    "node_modules/ngraph.merge": {
      "version": "1.0.0",
      "resolved": "https://registry.npmjs.org/ngraph.merge/-/ngraph.merge-1.0.0.tgz",
      "integrity": "sha512-5J8YjGITUJeapsomtTALYsw7rFveYkM+lBj3QiYZ79EymQcuri65Nw3knQtFxQBU1r5iOaVRXrSwMENUPK62Vg=="
    },
    "node_modules/ngraph.random": {
      "version": "1.1.0",
      "resolved": "https://registry.npmjs.org/ngraph.random/-/ngraph.random-1.1.0.tgz",
      "integrity": "sha512-h25UdUN/g8U7y29TzQtRm/GvGr70lK37yQPvPKXXuVfs7gCm82WipYFZcksQfeKumtOemAzBIcT7lzzyK/edLw=="
    },
    "node_modules/polished": {
      "version": "4.2.2",
      "resolved": "https://registry.npmjs.org/polished/-/polished-4.2.2.tgz",
      "integrity": "sha512-Sz2Lkdxz6F2Pgnpi9U5Ng/WdWAUZxmHrNPoVlm3aAemxoy2Qy7LGjQg4uf8qKelDAUW94F4np3iH2YPf2qefcQ==",
      "dependencies": {
        "@babel/runtime": "^7.17.8"
      },
      "engines": {
        "node": ">=10"
      }
    },
    "node_modules/regenerator-runtime": {
      "version": "0.14.1",
      "resolved": "https://registry.npmjs.org/regenerator-runtime/-/regenerator-runtime-0.14.1.tgz",
      "integrity": "sha512-dYnhHh0nJoMfnkZs6GmmhFknAGRrLznOu5nc9ML+EJxGvrx6H7teuevqVqCuPcPK//3eDrrjQhehXVx9cnkGdw=="
    },
    "node_modules/simple-treeview": {
      "version": "0.0.9",
      "resolved": "https://registry.npmjs.org/simple-treeview/-/simple-treeview-0.0.9.tgz",
      "integrity": "sha512-rt9w16w3M6/FGTr+FtY6//fqvY7ypow+Ppf/0J5T0NCaQvEuH+paX7QZfXEbndyvtIjjYgutEvqEzsFkgGdBEQ=="
    },
    "node_modules/three": {
      "version": "0.170.0",
      "resolved": "https://registry.npmjs.org/three/-/three-0.170.0.tgz",
      "integrity": "sha512-FQK+LEpYc0fBD+J8g6oSEyyNzjp+Q7Ks1C568WWaoMRLW+TkNNWmenWeGgJjV105Gd+p/2ql1ZcjYvNiPZBhuQ=="
    },
    "node_modules/three-forcegraph": {
      "version": "1.41.10",
      "resolved": "https://registry.npmjs.org/three-forcegraph/-/three-forcegraph-1.41.10.tgz",
      "integrity": "sha512-XrrH0HzlWQiY5A30RMtlu+SpAM/LOoHMyaQouCFgavTSLrSsP4UIUP3eWrfJ0be1xDPuMGt3iofSYjgu4UT2NA==",
      "dependencies": {
        "accessor-fn": "1",
        "d3-array": "1 - 3",
        "d3-force-3d": "2 - 3",
        "d3-scale": "1 - 4",
        "d3-scale-chromatic": "1 - 3",
        "data-joint": "1",
        "kapsule": "1",
        "ngraph.forcelayout": "3",
        "ngraph.graph": "20",
        "tinycolor2": "1"
      },
      "engines": {
        "node": ">=12"
      },
      "peerDependencies": {
        "three": ">=0.118.3"
      }
    },
    "node_modules/three-render-objects": {
      "version": "1.29.0",
      "resolved": "https://registry.npmjs.org/three-render-objects/-/three-render-objects-1.29.0.tgz",
      "integrity": "sha512-HzVjL12KG2ko5VoU3aO/qFbtVu5Md5SN8dSzjGS7uNeTmYSAdQQZmg+R6zgctmvUrEjA78vO6ZGAC9y/9o/H2A==",
      "dependencies": {
        "@tweenjs/tween.js": "18 - 21",
        "accessor-fn": "1",
        "kapsule": "1",
        "polished": "4"
      },
      "engines": {
        "node": ">=12"
      },
      "peerDependencies": {
        "three": "*"
      }
    },
    "node_modules/three-spritetext": {
      "version": "1.9.0",
      "resolved": "https://registry.npmjs.org/three-spritetext/-/three-spritetext-1.9.0.tgz",
      "integrity": "sha512-+dMrxBsxTu5OviykIg5jTMry5TQ8u5yuS9zKH0mWElyldoFGdegEkIm71kDk34bxBp/NQhRLW+iom1b/GMTioA==",
      "engines": {
        "node": ">=12"
      },
      "peerDependencies": {
        "three": ">=0.86.0"
      }
    },
    "node_modules/tinycolor2": {
      "version": "1.6.0",
      "resolved": "https://registry.npmjs.org/tinycolor2/-/tinycolor2-1.6.0.tgz",
      "integrity": "sha512-XPaBkWQJdsf3pLKJV9p4qN/S+fm2Oj8AIPo1BTUhg5oxkvm9+SVEGFdhyOz7tTdUTfvxMiAs4sp6/eZO2Ew+pw=="
    }
  },
  "dependencies": {
    "@babel/runtime": {
      "version": "7.23.6",
      "resolved": "https://registry.npmjs.org/@babel/runtime/-/runtime-7.23.6.tgz",
      "integrity": "sha512-zHd0eUrf5GZoOWVCXp6koAKQTfZV07eit6bGPmJgnZdnSAvvZee6zniW2XMF7Cmc4ISOOnPy3QaSiIJGJkVEDQ==",
      "requires": {
        "regenerator-runtime": "^0.14.0"
      }
    },
    "@fortawesome/fontawesome-free": {
      "version": "6.6.0",
      "resolved": "https://registry.npmjs.org/@fortawesome/fontawesome-free/-/fontawesome-free-6.6.0.tgz",
      "integrity": "sha512-60G28ke/sXdtS9KZCpZSHHkCbdsOGEhIUGlwq6yhY74UpTiToIh8np7A8yphhM4BWsvNFtIvLpi4co+h9Mr9Ow=="
    },
    "@popperjs/core": {
      "version": "2.11.8",
      "resolved": "https://registry.npmjs.org/@popperjs/core/-/core-2.11.8.tgz",
      "integrity": "sha512-P1st0aksCrn9sGZhp8GMYwBnQsbvAWsZAX44oXNNvLHGqAOcoVxmjZiohstwQ7SqKnbR47akdNi+uleWD8+g6A==",
      "peer": true
    },
    "@tweenjs/tween.js": {
      "version": "21.0.0",
      "resolved": "https://registry.npmjs.org/@tweenjs/tween.js/-/tween.js-21.0.0.tgz",
      "integrity": "sha512-qVfOiFh0U8ZSkLgA6tf7kj2MciqRbSCWaJZRwftVO7UbtVDNsZAXpWXqvCDtIefvjC83UJB+vHTDOGm5ibXjEA=="
    },
    "3d-force-graph": {
      "version": "1.73.6",
      "resolved": "https://registry.npmjs.org/3d-force-graph/-/3d-force-graph-1.73.6.tgz",
      "integrity": "sha512-9p/HmnD8dvGano/ybFIeFRb+HOSzVUcvJVeEeGhsTAtnerc7xD6eK3XgRMRka+tHrjBL2F5EcS9d0NQ5OjxRBQ==",
      "requires": {
        "accessor-fn": "1",
        "kapsule": "1",
        "three": ">=0.118 <1",
        "three-forcegraph": "1",
        "three-render-objects": "^1.29"
      }
    },
    "accessor-fn": {
      "version": "1.5.0",
      "resolved": "https://registry.npmjs.org/accessor-fn/-/accessor-fn-1.5.0.tgz",
      "integrity": "sha512-dml7D96DY/K5lt4Ra2jMnpL9Bhw5HEGws4p1OAIxFFj9Utd/RxNfEO3T3f0QIWFNwQU7gNxH9snUfqF/zNkP/w=="
    },
    "bezier-js": {
      "version": "6.1.4",
      "resolved": "https://registry.npmjs.org/bezier-js/-/bezier-js-6.1.4.tgz",
      "integrity": "sha512-PA0FW9ZpcHbojUCMu28z9Vg/fNkwTj5YhusSAjHHDfHDGLxJ6YUKrAN2vk1fP2MMOxVw4Oko16FMlRGVBGqLKg=="
    },
    "bootstrap": {
      "version": "5.3.3",
      "resolved": "https://registry.npmjs.org/bootstrap/-/bootstrap-5.3.3.tgz",
      "integrity": "sha512-8HLCdWgyoMguSO9o+aH+iuZ+aht+mzW0u3HIMzVu7Srrpv7EBBxTnrFlSCskwdY1+EOFQSm7uMJhNQHkdPcmjg==",
      "requires": {}
    },
    "bootstrap-icons": {
      "version": "1.11.3",
      "resolved": "https://registry.npmjs.org/bootstrap-icons/-/bootstrap-icons-1.11.3.tgz",
      "integrity": "sha512-+3lpHrCw/it2/7lBL15VR0HEumaBss0+f/Lb6ZvHISn1mlK83jjFpooTLsMWbIjJMDjDjOExMsTxnXSIT4k4ww=="
    },
    "canvas-color-tracker": {
      "version": "1.3.1",
      "resolved": "https://registry.npmjs.org/canvas-color-tracker/-/canvas-color-tracker-1.3.1.tgz",
      "integrity": "sha512-eNycxGS7oQ3IS/9QQY41f/aQjiO9Y/MtedhCgSdsbLSxC9EyUD8L3ehl/Q3Kfmvt8um79S45PBV+5Rxm5ztdSw==",
      "requires": {
        "tinycolor2": "^1.6.0"
      }
    },
    "d3-array": {
      "version": "3.2.4",
      "resolved": "https://registry.npmjs.org/d3-array/-/d3-array-3.2.4.tgz",
      "integrity": "sha512-tdQAmyA18i4J7wprpYq8ClcxZy3SC31QMeByyCFyRt7BVHdREQZ5lpzoe5mFEYZUWe+oq8HBvk9JjpibyEV4Jg==",
      "requires": {
        "internmap": "1 - 2"
      }
    },
    "d3-binarytree": {
      "version": "1.0.2",
      "resolved": "https://registry.npmjs.org/d3-binarytree/-/d3-binarytree-1.0.2.tgz",
      "integrity": "sha512-cElUNH+sHu95L04m92pG73t2MEJXKu+GeKUN1TJkFsu93E5W8E9Sc3kHEGJKgenGvj19m6upSn2EunvMgMD2Yw=="
    },
    "d3-color": {
      "version": "3.1.0",
      "resolved": "https://registry.npmjs.org/d3-color/-/d3-color-3.1.0.tgz",
      "integrity": "sha512-zg/chbXyeBtMQ1LbD/WSoW2DpC3I0mpmPdW+ynRTj/x2DAWYrIY7qeZIHidozwV24m4iavr15lNwIwLxRmOxhA=="
    },
    "d3-dispatch": {
      "version": "3.0.1",
      "resolved": "https://registry.npmjs.org/d3-dispatch/-/d3-dispatch-3.0.1.tgz",
      "integrity": "sha512-rzUyPU/S7rwUflMyLc1ETDeBj0NRuHKKAcvukozwhshr6g6c5d8zh4c2gQjY2bZ0dXeGLWc1PF174P2tVvKhfg=="
    },
    "d3-drag": {
      "version": "3.0.0",
      "resolved": "https://registry.npmjs.org/d3-drag/-/d3-drag-3.0.0.tgz",
      "integrity": "sha512-pWbUJLdETVA8lQNJecMxoXfH6x+mO2UQo8rSmZ+QqxcbyA3hfeprFgIT//HW2nlHChWeIIMwS2Fq+gEARkhTkg==",
      "requires": {
        "d3-dispatch": "1 - 3",
        "d3-selection": "3"
      }
    },
    "d3-ease": {
      "version": "3.0.1",
      "resolved": "https://registry.npmjs.org/d3-ease/-/d3-ease-3.0.1.tgz",
      "integrity": "sha512-wR/XK3D3XcLIZwpbvQwQ5fK+8Ykds1ip7A2Txe0yxncXSdq1L9skcG7blcedkOX+ZcgxGAmLX1FrRGbADwzi0w=="
    },
    "d3-force-3d": {
      "version": "3.0.5",
      "resolved": "https://registry.npmjs.org/d3-force-3d/-/d3-force-3d-3.0.5.tgz",
      "integrity": "sha512-tdwhAhoTYZY/a6eo9nR7HP3xSW/C6XvJTbeRpR92nlPzH6OiE+4MliN9feuSFd0tPtEUo+191qOhCTWx3NYifg==",
      "requires": {
        "d3-binarytree": "1",
        "d3-dispatch": "1 - 3",
        "d3-octree": "1",
        "d3-quadtree": "1 - 3",
        "d3-timer": "1 - 3"
      }
    },
    "d3-format": {
      "version": "3.1.0",
      "resolved": "https://registry.npmjs.org/d3-format/-/d3-format-3.1.0.tgz",
      "integrity": "sha512-YyUI6AEuY/Wpt8KWLgZHsIU86atmikuoOmCfommt0LYHiQSPjvX2AcFc38PX0CBpr2RCyZhjex+NS/LPOv6YqA=="
    },
    "d3-interpolate": {
      "version": "3.0.1",
      "resolved": "https://registry.npmjs.org/d3-interpolate/-/d3-interpolate-3.0.1.tgz",
      "integrity": "sha512-3bYs1rOD33uo8aqJfKP3JWPAibgw8Zm2+L9vBKEHJ2Rg+viTR7o5Mmv5mZcieN+FRYaAOWX5SJATX6k1PWz72g==",
      "requires": {
        "d3-color": "1 - 3"
      }
    },
    "d3-octree": {
      "version": "1.0.2",
      "resolved": "https://registry.npmjs.org/d3-octree/-/d3-octree-1.0.2.tgz",
      "integrity": "sha512-Qxg4oirJrNXauiuC94uKMbgxwnhdda9xRLl9ihq45srlJ4Ga3CSgqGcAL8iW7N5CIv4Oz8x3E734ulxyvHPvwA=="
    },
    "d3-quadtree": {
      "version": "3.0.1",
      "resolved": "https://registry.npmjs.org/d3-quadtree/-/d3-quadtree-3.0.1.tgz",
      "integrity": "sha512-04xDrxQTDTCFwP5H6hRhsRcb9xxv2RzkcsygFzmkSIOJy3PeRJP7sNk3VRIbKXcog561P9oU0/rVH6vDROAgUw=="
    },
    "d3-scale": {
      "version": "4.0.2",
      "resolved": "https://registry.npmjs.org/d3-scale/-/d3-scale-4.0.2.tgz",
      "integrity": "sha512-GZW464g1SH7ag3Y7hXjf8RoUuAFIqklOAq3MRl4OaWabTFJY9PN/E1YklhXLh+OQ3fM9yS2nOkCoS+WLZ6kvxQ==",
      "requires": {
        "d3-array": "2.10.0 - 3",
        "d3-format": "1 - 3",
        "d3-interpolate": "1.2.0 - 3",
        "d3-time": "2.1.1 - 3",
        "d3-time-format": "2 - 4"
      }
    },
    "d3-scale-chromatic": {
      "version": "3.0.0",
      "resolved": "https://registry.npmjs.org/d3-scale-chromatic/-/d3-scale-chromatic-3.0.0.tgz",
      "integrity": "sha512-Lx9thtxAKrO2Pq6OO2Ua474opeziKr279P/TKZsMAhYyNDD3EnCffdbgeSYN5O7m2ByQsxtuP2CSDczNUIZ22g==",
      "requires": {
        "d3-color": "1 - 3",
        "d3-interpolate": "1 - 3"
      }
    },
    "d3-selection": {
      "version": "3.0.0",
      "resolved": "https://registry.npmjs.org/d3-selection/-/d3-selection-3.0.0.tgz",
      "integrity": "sha512-fmTRWbNMmsmWq6xJV8D19U/gw/bwrHfNXxrIN+HfZgnzqTHp9jOmKMhsTUjXOJnZOdZY9Q28y4yebKzqDKlxlQ=="
    },
    "d3-time": {
      "version": "3.1.0",
      "resolved": "https://registry.npmjs.org/d3-time/-/d3-time-3.1.0.tgz",
      "integrity": "sha512-VqKjzBLejbSMT4IgbmVgDjpkYrNWUYJnbCGo874u7MMKIWsILRX+OpX/gTk8MqjpT1A/c6HY2dCA77ZN0lkQ2Q==",
      "requires": {
        "d3-array": "2 - 3"
      }
    },
    "d3-time-format": {
      "version": "4.1.0",
      "resolved": "https://registry.npmjs.org/d3-time-format/-/d3-time-format-4.1.0.tgz",
      "integrity": "sha512-dJxPBlzC7NugB2PDLwo9Q8JiTR3M3e4/XANkreKSUxF8vvXKqm1Yfq4Q5dl8budlunRVlUUaDUgFt7eA8D6NLg==",
      "requires": {
        "d3-time": "1 - 3"
      }
    },
    "d3-timer": {
      "version": "3.0.1",
      "resolved": "https://registry.npmjs.org/d3-timer/-/d3-timer-3.0.1.tgz",
      "integrity": "sha512-ndfJ/JxxMd3nw31uyKoY2naivF+r29V+Lc0svZxe1JvvIRmi8hUsrMvdOwgS1o6uBHmiz91geQ0ylPP0aj1VUA=="
    },
    "d3-transition": {
      "version": "3.0.1",
      "resolved": "https://registry.npmjs.org/d3-transition/-/d3-transition-3.0.1.tgz",
      "integrity": "sha512-ApKvfjsSR6tg06xrL434C0WydLr7JewBB3V+/39RMHsaXTOG0zmt/OAXeng5M5LBm0ojmxJrpomQVZ1aPvBL4w==",
      "requires": {
        "d3-color": "1 - 3",
        "d3-dispatch": "1 - 3",
        "d3-ease": "1 - 3",
        "d3-interpolate": "1 - 3",
        "d3-timer": "1 - 3"
      }
    },
    "d3-zoom": {
      "version": "3.0.0",
      "resolved": "https://registry.npmjs.org/d3-zoom/-/d3-zoom-3.0.0.tgz",
      "integrity": "sha512-b8AmV3kfQaqWAuacbPuNbL6vahnOJflOhexLzMMNLga62+/nh0JzvJ0aO/5a5MVgUFGS7Hu1P9P03o3fJkDCyw==",
      "requires": {
        "d3-dispatch": "1 - 3",
        "d3-drag": "2 - 3",
        "d3-interpolate": "1 - 3",
        "d3-selection": "2 - 3",
        "d3-transition": "2 - 3"
      }
    },
    "data-joint": {
      "version": "1.3.1",
      "resolved": "https://registry.npmjs.org/data-joint/-/data-joint-1.3.1.tgz",
      "integrity": "sha512-tMK0m4OVGqiA3zkn8JmO6YAqD8UwJqIAx4AAwFl1SKTtKAqcXePuT+n2aayiX9uITtlN3DFtKKTOxJRUc2+HvQ==",
      "requires": {
        "index-array-by": "^1.4.0"
      }
    },
    "datatables.net": {
      "version": "2.1.8",
      "resolved": "https://registry.npmjs.org/datatables.net/-/datatables.net-2.1.8.tgz",
      "integrity": "sha512-47ULt+U4bcjbuGTpTlT6SnCuSFVRBxxdWa6X3NfvTObBJ2BZU0o+JUIl05wQ6cABNIavjbAV51gpgvFsMHL9zA==",
      "requires": {
        "jquery": ">=1.7"
      }
    },
    "datatables.net-dt": {
      "version": "2.1.8",
      "resolved": "https://registry.npmjs.org/datatables.net-dt/-/datatables.net-dt-2.1.8.tgz",
      "integrity": "sha512-/ScKmyKIpKXzjOJrnJLOWMf2jOQfrYjayNMhUyeMzf3jKhNevHNvImU9MQ/Bab9yheKLjHLL24IgnshAvRFrng==",
      "requires": {
        "datatables.net": "2.1.8",
        "jquery": ">=1.7"
      }
    },
    "force-graph": {
      "version": "1.46.0",
      "resolved": "https://registry.npmjs.org/force-graph/-/force-graph-1.46.0.tgz",
      "integrity": "sha512-RR4XIsMgKMquEmN6me2MoDeqMr85Cv1cpXDFha6gwEczaaC3RWDH4YmXQXnI8/egRiIKFMq4HKjBjWXZwyy/9Q==",
      "requires": {
        "@tweenjs/tween.js": "18 - 25",
        "accessor-fn": "1",
        "bezier-js": "3 - 6",
        "canvas-color-tracker": "^1.3",
        "d3-array": "1 - 3",
        "d3-drag": "2 - 3",
        "d3-force-3d": "2 - 3",
        "d3-scale": "1 - 4",
        "d3-scale-chromatic": "1 - 3",
        "d3-selection": "2 - 3",
        "d3-zoom": "2 - 3",
        "index-array-by": "1",
        "kapsule": "^1.14",
        "lodash-es": "4"
      }
    },
    "index-array-by": {
      "version": "1.4.1",
      "resolved": "https://registry.npmjs.org/index-array-by/-/index-array-by-1.4.1.tgz",
      "integrity": "sha512-Zu6THdrxQdyTuT2uA5FjUoBEsFHPzHcPIj18FszN6yXKHxSfGcR4TPLabfuT//E25q1Igyx9xta2WMvD/x9P/g=="
    },
    "internmap": {
      "version": "2.0.3",
      "resolved": "https://registry.npmjs.org/internmap/-/internmap-2.0.3.tgz",
      "integrity": "sha512-5Hh7Y1wQbvY5ooGgPbDaL5iYLAPzMTUrjMulskHLH6wnv/A+1q5rgEaiuqEjB+oxGXIVZs1FF+R/KPN3ZSQYYg=="
    },
    "jquery": {
      "version": "3.7.1",
      "resolved": "https://registry.npmjs.org/jquery/-/jquery-3.7.1.tgz",
      "integrity": "sha512-m4avr8yL8kmFN8psrbFFFmB/If14iN5o9nw/NgnnM+kybDJpRsAynV2BsfpTYrTRysYUdADVD7CkUUizgkpLfg=="
    },
    "kapsule": {
      "version": "1.14.5",
      "resolved": "https://registry.npmjs.org/kapsule/-/kapsule-1.14.5.tgz",
      "integrity": "sha512-H0iSpTynUzZw3tgraDmReprpFRmH5oP5GPmaNsurSwLx2H5iCpOMIkp5q+sfhB4Tz/UJd1E1IbEE9Z6ksnJ6RA==",
      "requires": {
        "lodash-es": "4"
      }
    },
    "lodash-es": {
      "version": "4.17.21",
      "resolved": "https://registry.npmjs.org/lodash-es/-/lodash-es-4.17.21.tgz",
      "integrity": "sha512-mKnC+QJ9pWVzv+C4/U3rRsHapFfHvQFoFB92e52xeyGMcX6/OlIl78je1u8vePzYZSkkogMPJ2yjxxsb89cxyw=="
    },
    "ngraph.events": {
      "version": "1.2.2",
      "resolved": "https://registry.npmjs.org/ngraph.events/-/ngraph.events-1.2.2.tgz",
      "integrity": "sha512-JsUbEOzANskax+WSYiAPETemLWYXmixuPAlmZmhIbIj6FH/WDgEGCGnRwUQBK0GjOnVm8Ui+e5IJ+5VZ4e32eQ=="
    },
    "ngraph.forcelayout": {
      "version": "3.3.1",
      "resolved": "https://registry.npmjs.org/ngraph.forcelayout/-/ngraph.forcelayout-3.3.1.tgz",
      "integrity": "sha512-MKBuEh1wujyQHFTW57y5vd/uuEOK0XfXYxm3lC7kktjJLRdt/KEKEknyOlc6tjXflqBKEuYBBcu7Ax5VY+S6aw==",
      "requires": {
        "ngraph.events": "^1.0.0",
        "ngraph.merge": "^1.0.0",
        "ngraph.random": "^1.0.0"
      }
    },
    "ngraph.graph": {
      "version": "20.0.1",
      "resolved": "https://registry.npmjs.org/ngraph.graph/-/ngraph.graph-20.0.1.tgz",
      "integrity": "sha512-VFsQ+EMkT+7lcJO1QP8Ik3w64WbHJl27Q53EO9hiFU9CRyxJ8HfcXtfWz/U8okuoYKDctbciL6pX3vG5dt1rYA==",
      "requires": {
        "ngraph.events": "^1.2.1"
      }
    },
    "ngraph.merge": {
      "version": "1.0.0",
      "resolved": "https://registry.npmjs.org/ngraph.merge/-/ngraph.merge-1.0.0.tgz",
      "integrity": "sha512-5J8YjGITUJeapsomtTALYsw7rFveYkM+lBj3QiYZ79EymQcuri65Nw3knQtFxQBU1r5iOaVRXrSwMENUPK62Vg=="
    },
    "ngraph.random": {
      "version": "1.1.0",
      "resolved": "https://registry.npmjs.org/ngraph.random/-/ngraph.random-1.1.0.tgz",
      "integrity": "sha512-h25UdUN/g8U7y29TzQtRm/GvGr70lK37yQPvPKXXuVfs7gCm82WipYFZcksQfeKumtOemAzBIcT7lzzyK/edLw=="
    },
    "polished": {
      "version": "4.2.2",
      "resolved": "https://registry.npmjs.org/polished/-/polished-4.2.2.tgz",
      "integrity": "sha512-Sz2Lkdxz6F2Pgnpi9U5Ng/WdWAUZxmHrNPoVlm3aAemxoy2Qy7LGjQg4uf8qKelDAUW94F4np3iH2YPf2qefcQ==",
      "requires": {
        "@babel/runtime": "^7.17.8"
      }
    },
    "regenerator-runtime": {
      "version": "0.14.1",
      "resolved": "https://registry.npmjs.org/regenerator-runtime/-/regenerator-runtime-0.14.1.tgz",
      "integrity": "sha512-dYnhHh0nJoMfnkZs6GmmhFknAGRrLznOu5nc9ML+EJxGvrx6H7teuevqVqCuPcPK//3eDrrjQhehXVx9cnkGdw=="
    },
    "simple-treeview": {
      "version": "0.0.9",
      "resolved": "https://registry.npmjs.org/simple-treeview/-/simple-treeview-0.0.9.tgz",
      "integrity": "sha512-rt9w16w3M6/FGTr+FtY6//fqvY7ypow+Ppf/0J5T0NCaQvEuH+paX7QZfXEbndyvtIjjYgutEvqEzsFkgGdBEQ=="
    },
    "three": {
      "version": "0.170.0",
      "resolved": "https://registry.npmjs.org/three/-/three-0.170.0.tgz",
      "integrity": "sha512-FQK+LEpYc0fBD+J8g6oSEyyNzjp+Q7Ks1C568WWaoMRLW+TkNNWmenWeGgJjV105Gd+p/2ql1ZcjYvNiPZBhuQ=="
    },
    "three-forcegraph": {
      "version": "1.41.10",
      "resolved": "https://registry.npmjs.org/three-forcegraph/-/three-forcegraph-1.41.10.tgz",
      "integrity": "sha512-XrrH0HzlWQiY5A30RMtlu+SpAM/LOoHMyaQouCFgavTSLrSsP4UIUP3eWrfJ0be1xDPuMGt3iofSYjgu4UT2NA==",
      "requires": {
        "accessor-fn": "1",
        "d3-array": "1 - 3",
        "d3-force-3d": "2 - 3",
        "d3-scale": "1 - 4",
        "d3-scale-chromatic": "1 - 3",
        "data-joint": "1",
        "kapsule": "1",
        "ngraph.forcelayout": "3",
        "ngraph.graph": "20",
        "tinycolor2": "1"
      }
    },
    "three-render-objects": {
      "version": "1.29.0",
      "resolved": "https://registry.npmjs.org/three-render-objects/-/three-render-objects-1.29.0.tgz",
      "integrity": "sha512-HzVjL12KG2ko5VoU3aO/qFbtVu5Md5SN8dSzjGS7uNeTmYSAdQQZmg+R6zgctmvUrEjA78vO6ZGAC9y/9o/H2A==",
      "requires": {
        "@tweenjs/tween.js": "18 - 21",
        "accessor-fn": "1",
        "kapsule": "1",
        "polished": "4"
      }
    },
    "three-spritetext": {
      "version": "1.9.0",
      "resolved": "https://registry.npmjs.org/three-spritetext/-/three-spritetext-1.9.0.tgz",
      "integrity": "sha512-+dMrxBsxTu5OviykIg5jTMry5TQ8u5yuS9zKH0mWElyldoFGdegEkIm71kDk34bxBp/NQhRLW+iom1b/GMTioA==",
      "requires": {}
    },
    "tinycolor2": {
      "version": "1.6.0",
      "resolved": "https://registry.npmjs.org/tinycolor2/-/tinycolor2-1.6.0.tgz",
      "integrity": "sha512-XPaBkWQJdsf3pLKJV9p4qN/S+fm2Oj8AIPo1BTUhg5oxkvm9+SVEGFdhyOz7tTdUTfvxMiAs4sp6/eZO2Ew+pw=="
    }
  }
}
